
Microsoft Visual Studio Solution File, Format Version 12.00
Project("{FAE04EC0-301F-11D3-BF4B-00C04F79EFBC}") = "NTK24.Web", "NTK24.Web\NTK24.Web.csproj", "{D42F7B57-ABC7-4578-B42F-A95B3702FE48}"
EndProject
Project("{2150E333-8FDC-42A3-9474-1A3956D46DE8}") = "Misc", "Misc", "{B688B9C7-ABEF-4340-9D4F-63F652A88ACC}"
	ProjectSection(SolutionItems) = preProject
		..\..\README.md = ..\..\README.md
		NTK24.Api.http = NTK24.Api.http
		http-client.env.json = http-client.env.json
		NTK24.Init.http = NTK24.Init.http
	EndProjectSection
EndProject
Project("{FAE04EC0-301F-11D3-BF4B-00C04F79EFBC}") = "NTK24.Interfaces", "NTK24.Interfaces\NTK24.Interfaces.csproj", "{B248C16F-339F-451C-9D7B-D2A562ABD715}"
EndProject
Project("{FAE04EC0-301F-11D3-BF4B-00C04F79EFBC}") = "NTK24.Models", "NTK24.Models\NTK24.Models.csproj", "{A532A23F-2296-4781-A34E-5CE7168BE03F}"
EndProject
Project("{FAE04EC0-301F-11D3-BF4B-00C04F79EFBC}") = "NTK24.Shared", "NTK24.Shared\NTK24.Shared.csproj", "{32396474-5BDE-435F-B9B0-CC674A045F9D}"
EndProject
Project("{FAE04EC0-301F-11D3-BF4B-00C04F79EFBC}") = "NTK24.SQL", "NTK24.SQL\NTK24.SQL.csproj", "{B12A4BAD-BB9F-4C1A-B0E7-37122C5085E9}"
EndProject
Project("{2150E333-8FDC-42A3-9474-1A3956D46DE8}") = "Data", "Data", "{A6AED3F2-848E-483B-9A87-58E8C25121F0}"
EndProject
Project("{2150E333-8FDC-42A3-9474-1A3956D46DE8}") = "Web", "Web", "{83C70C34-2080-4F25-B840-75ABEAF452C1}"
EndProject
Project("{2150E333-8FDC-42A3-9474-1A3956D46DE8}") = "Shared", "Shared", "{CF75E7B9-4BEE-47FD-9F0B-B5E5DC1B78E7}"
EndProject
Project("{FAE04EC0-301F-11D3-BF4B-00C04F79EFBC}") = "NTK24.Api", "NTK24.Api\NTK24.Api.csproj", "{F9F43BC2-3EC3-41F1-BE3E-BB541B9AD659}"
EndProject
Project("{FAE04EC0-301F-11D3-BF4B-00C04F79EFBC}") = "NTK24.Init", "NTK24.Init\NTK24.Init.csproj", "{436986CC-3ADA-4C3D-9B30-0571C52B428A}"
EndProject
Global
	GlobalSection(SolutionConfigurationPlatforms) = preSolution
		Debug|Any CPU = Debug|Any CPU
		Release|Any CPU = Release|Any CPU
	EndGlobalSection
	GlobalSection(ProjectConfigurationPlatforms) = postSolution
		{D42F7B57-ABC7-4578-B42F-A95B3702FE48}.Debug|Any CPU.ActiveCfg = Debug|Any CPU
		{D42F7B57-ABC7-4578-B42F-A95B3702FE48}.Debug|Any CPU.Build.0 = Debug|Any CPU
		{D42F7B57-ABC7-4578-B42F-A95B3702FE48}.Release|Any CPU.ActiveCfg = Release|Any CPU
		{D42F7B57-ABC7-4578-B42F-A95B3702FE48}.Release|Any CPU.Build.0 = Release|Any CPU
		{B248C16F-339F-451C-9D7B-D2A562ABD715}.Debug|Any CPU.ActiveCfg = Debug|Any CPU
		{B248C16F-339F-451C-9D7B-D2A562ABD715}.Debug|Any CPU.Build.0 = Debug|Any CPU
		{B248C16F-339F-451C-9D7B-D2A562ABD715}.Release|Any CPU.ActiveCfg = Release|Any CPU
		{B248C16F-339F-451C-9D7B-D2A562ABD715}.Release|Any CPU.Build.0 = Release|Any CPU
		{A532A23F-2296-4781-A34E-5CE7168BE03F}.Debug|Any CPU.ActiveCfg = Debug|Any CPU
		{A532A23F-2296-4781-A34E-5CE7168BE03F}.Debug|Any CPU.Build.0 = Debug|Any CPU
		{A532A23F-2296-4781-A34E-5CE7168BE03F}.Release|Any CPU.ActiveCfg = Release|Any CPU
		{A532A23F-2296-4781-A34E-5CE7168BE03F}.Release|Any CPU.Build.0 = Release|Any CPU
		{32396474-5BDE-435F-B9B0-CC674A045F9D}.Debug|Any CPU.ActiveCfg = Debug|Any CPU
		{32396474-5BDE-435F-B9B0-CC674A045F9D}.Debug|Any CPU.Build.0 = Debug|Any CPU
		{32396474-5BDE-435F-B9B0-CC674A045F9D}.Release|Any CPU.ActiveCfg = Release|Any CPU
		{32396474-5BDE-435F-B9B0-CC674A045F9D}.Release|Any CPU.Build.0 = Release|Any CPU
		{B12A4BAD-BB9F-4C1A-B0E7-37122C5085E9}.Debug|Any CPU.ActiveCfg = Debug|Any CPU
		{B12A4BAD-BB9F-4C1A-B0E7-37122C5085E9}.Debug|Any CPU.Build.0 = Debug|Any CPU
		{B12A4BAD-BB9F-4C1A-B0E7-37122C5085E9}.Release|Any CPU.ActiveCfg = Release|Any CPU
		{B12A4BAD-BB9F-4C1A-B0E7-37122C5085E9}.Release|Any CPU.Build.0 = Release|Any CPU
		{F9F43BC2-3EC3-41F1-BE3E-BB541B9AD659}.Debug|Any CPU.ActiveCfg = Debug|Any CPU
		{F9F43BC2-3EC3-41F1-BE3E-BB541B9AD659}.Debug|Any CPU.Build.0 = Debug|Any CPU
		{F9F43BC2-3EC3-41F1-BE3E-BB541B9AD659}.Release|Any CPU.ActiveCfg = Release|Any CPU
		{F9F43BC2-3EC3-41F1-BE3E-BB541B9AD659}.Release|Any CPU.Build.0 = Release|Any CPU
		{436986CC-3ADA-4C3D-9B30-0571C52B428A}.Debug|Any CPU.ActiveCfg = Debug|Any CPU
		{436986CC-3ADA-4C3D-9B30-0571C52B428A}.Debug|Any CPU.Build.0 = Debug|Any CPU
		{436986CC-3ADA-4C3D-9B30-0571C52B428A}.Release|Any CPU.ActiveCfg = Release|Any CPU
		{436986CC-3ADA-4C3D-9B30-0571C52B428A}.Release|Any CPU.Build.0 = Release|Any CPU
	EndGlobalSection
	GlobalSection(NestedProjects) = preSolution
		{B248C16F-339F-451C-9D7B-D2A562ABD715} = {A6AED3F2-848E-483B-9A87-58E8C25121F0}
		{A532A23F-2296-4781-A34E-5CE7168BE03F} = {A6AED3F2-848E-483B-9A87-58E8C25121F0}
		{B12A4BAD-BB9F-4C1A-B0E7-37122C5085E9} = {A6AED3F2-848E-483B-9A87-58E8C25121F0}
		{D42F7B57-ABC7-4578-B42F-A95B3702FE48} = {83C70C34-2080-4F25-B840-75ABEAF452C1}
		{32396474-5BDE-435F-B9B0-CC674A045F9D} = {CF75E7B9-4BEE-47FD-9F0B-B5E5DC1B78E7}
		{F9F43BC2-3EC3-41F1-BE3E-BB541B9AD659} = {83C70C34-2080-4F25-B840-75ABEAF452C1}
		{436986CC-3ADA-4C3D-9B30-0571C52B428A} = {83C70C34-2080-4F25-B840-75ABEAF452C1}
	EndGlobalSection
EndGlobal
